
Microsoft Visual Studio Solution File, Format Version 12.00
# Visual Studio Version 17
VisualStudioVersion = 17.12.35728.132
MinimumVisualStudioVersion = 10.0.40219.1
Project("{FAE04EC0-301F-11D3-BF4B-00C04F79EFBC}") = "MetaMomentum", "MetaMomentum\MetaMomentum.csproj", "{5CC63D8A-1FA6-44A1-9CBA-2DD73A3F1288}"
EndProject
Project("{2150E333-8FDC-42A3-9474-1A3956D46DE8}") = "Solution Files", "Solution Files", "{42B04A7F-C766-4793-9223-28469B301D5B}"
	ProjectSection(SolutionItems) = preProject
		Readme.md = Readme.md
	EndProjectSection
EndProject
Global
	GlobalSection(SolutionConfigurationPlatforms) = preSolution
		Debug|Any CPU = Debug|Any CPU
		Release|Any CPU = Release|Any CPU
	EndGlobalSection
	GlobalSection(ProjectConfigurationPlatforms) = postSolution
		{5CC63D8A-1FA6-44A1-9CBA-2DD73A3F1288}.Debug|Any CPU.ActiveCfg = Debug|Any CPU
		{5CC63D8A-1FA6-44A1-9CBA-2DD73A3F1288}.Debug|Any CPU.Build.0 = Debug|Any CPU
		{5CC63D8A-1FA6-44A1-9CBA-2DD73A3F1288}.Release|Any CPU.ActiveCfg = Release|Any CPU
		{5CC63D8A-1FA6-44A1-9CBA-2DD73A3F1288}.Release|Any CPU.Build.0 = Release|Any CPU
	EndGlobalSection
	GlobalSection(SolutionProperties) = preSolution
		HideSolutionNode = FALSE
	EndGlobalSection
EndGlobal
