Microsoft Visual Studio Solution File, Format Version 12.00
# Visual Studio Version 17
VisualStudioVersion = 17.5.2.0
MinimumVisualStudioVersion = 10.0.40219.1
Project("{FAE04EC0-301F-11D3-BF4B-00C04F79EFBC}") = "MetaMomentum", "MetaMomentum.csproj", "{08393D43-5BD3-62B4-0988-3082AC2B4B2B}"
EndProject
Global
	GlobalSection(SolutionConfigurationPlatforms) = preSolution
		Debug|Any CPU = Debug|Any CPU
		Release|Any CPU = Release|Any CPU
	EndGlobalSection
	GlobalSection(ProjectConfigurationPlatforms) = postSolution
		{08393D43-5BD3-62B4-0988-3082AC2B4B2B}.Debug|Any CPU.ActiveCfg = Debug|Any CPU
		{08393D43-5BD3-62B4-0988-3082AC2B4B2B}.Debug|Any CPU.Build.0 = Debug|Any CPU
		{08393D43-5BD3-62B4-0988-3082AC2B4B2B}.Release|Any CPU.ActiveCfg = Release|Any CPU
		{08393D43-5BD3-62B4-0988-3082AC2B4B2B}.Release|Any CPU.Build.0 = Release|Any CPU
	EndGlobalSection
	GlobalSection(SolutionProperties) = preSolution
		HideSolutionNode = FALSE
	EndGlobalSection
	GlobalSection(ExtensibilityGlobals) = postSolution
		SolutionGuid = {DF226A19-E271-4814-B200-04E6159A4A34}
	EndGlobalSection
EndGlobal
